
Microsoft Visual Studio Solution File, Format Version 12.00
# Visual Studio Version 17
VisualStudioVersion = 17.1.32210.238
MinimumVisualStudioVersion = 10.0.40219.1
Project("{FAE04EC0-301F-11D3-BF4B-00C04F79EFBC}") = "Jatekok_WEB_API", "Jatekok_WEB_API\Jatekok_WEB_API.csproj", "{557C69FB-817F-48E1-84AB-53D3497C0145}"
EndProject
Global
	GlobalSection(SolutionConfigurationPlatforms) = preSolution
		Debug|Any CPU = Debug|Any CPU
		Release|Any CPU = Release|Any CPU
	EndGlobalSection
	GlobalSection(ProjectConfigurationPlatforms) = postSolution
		{557C69FB-817F-48E1-84AB-53D3497C0145}.Debug|Any CPU.ActiveCfg = Debug|Any CPU
		{557C69FB-817F-48E1-84AB-53D3497C0145}.Debug|Any CPU.Build.0 = Debug|Any CPU
		{557C69FB-817F-48E1-84AB-53D3497C0145}.Release|Any CPU.ActiveCfg = Release|Any CPU
		{557C69FB-817F-48E1-84AB-53D3497C0145}.Release|Any CPU.Build.0 = Release|Any CPU
	EndGlobalSection
	GlobalSection(SolutionProperties) = preSolution
		HideSolutionNode = FALSE
	EndGlobalSection
	GlobalSection(ExtensibilityGlobals) = postSolution
		SolutionGuid = {C7BE3BA9-FC8B-46F7-892E-A70167F4857A}
	EndGlobalSection
EndGlobal
