
Microsoft Visual Studio Solution File, Format Version 12.00
# Visual Studio Version 17
VisualStudioVersion = 17.1.32210.238
MinimumVisualStudioVersion = 10.0.40219.1
Project("{FAE04EC0-301F-11D3-BF4B-00C04F79EFBC}") = "Helsinki_1952", "Helsinki_1952\Helsinki_1952.csproj", "{F60A610D-578F-43E6-A55F-C1CA28BF2E36}"
EndProject
Project("{FAE04EC0-301F-11D3-BF4B-00C04F79EFBC}") = "Helsinki_1952Tests", "Helsinki_1952Tests\Helsinki_1952Tests.csproj", "{0BF4A0CD-ADBB-4087-BBD6-F30AD190A73A}"
EndProject
Project("{FAE04EC0-301F-11D3-BF4B-00C04F79EFBC}") = "HelsinkiWPF", "HelsinkiWPF\HelsinkiWPF.csproj", "{89B0426E-F8F1-4523-AFC9-566578488E87}"
EndProject
Global
	GlobalSection(SolutionConfigurationPlatforms) = preSolution
		Debug|Any CPU = Debug|Any CPU
		Release|Any CPU = Release|Any CPU
	EndGlobalSection
	GlobalSection(ProjectConfigurationPlatforms) = postSolution
		{F60A610D-578F-43E6-A55F-C1CA28BF2E36}.Debug|Any CPU.ActiveCfg = Debug|Any CPU
		{F60A610D-578F-43E6-A55F-C1CA28BF2E36}.Debug|Any CPU.Build.0 = Debug|Any CPU
		{F60A610D-578F-43E6-A55F-C1CA28BF2E36}.Release|Any CPU.ActiveCfg = Release|Any CPU
		{F60A610D-578F-43E6-A55F-C1CA28BF2E36}.Release|Any CPU.Build.0 = Release|Any CPU
		{0BF4A0CD-ADBB-4087-BBD6-F30AD190A73A}.Debug|Any CPU.ActiveCfg = Debug|Any CPU
		{0BF4A0CD-ADBB-4087-BBD6-F30AD190A73A}.Debug|Any CPU.Build.0 = Debug|Any CPU
		{0BF4A0CD-ADBB-4087-BBD6-F30AD190A73A}.Release|Any CPU.ActiveCfg = Release|Any CPU
		{0BF4A0CD-ADBB-4087-BBD6-F30AD190A73A}.Release|Any CPU.Build.0 = Release|Any CPU
		{89B0426E-F8F1-4523-AFC9-566578488E87}.Debug|Any CPU.ActiveCfg = Debug|Any CPU
		{89B0426E-F8F1-4523-AFC9-566578488E87}.Debug|Any CPU.Build.0 = Debug|Any CPU
		{89B0426E-F8F1-4523-AFC9-566578488E87}.Release|Any CPU.ActiveCfg = Release|Any CPU
		{89B0426E-F8F1-4523-AFC9-566578488E87}.Release|Any CPU.Build.0 = Release|Any CPU
	EndGlobalSection
	GlobalSection(SolutionProperties) = preSolution
		HideSolutionNode = FALSE
	EndGlobalSection
	GlobalSection(ExtensibilityGlobals) = postSolution
		SolutionGuid = {E14337F7-BC34-4EE0-9FB3-A542151EA597}
	EndGlobalSection
EndGlobal
