
Microsoft Visual Studio Solution File, Format Version 12.00
# Visual Studio Version 17
VisualStudioVersion = 17.1.32210.238
MinimumVisualStudioVersion = 10.0.40219.1
Project("{FAE04EC0-301F-11D3-BF4B-00C04F79EFBC}") = "Szabó_Szabolcs_backend_iskolak", "Szabó_Szabolcs_backend_iskolak.csproj", "{86486E3E-A97F-421F-AB02-236495911309}"
EndProject
Global
	GlobalSection(SolutionConfigurationPlatforms) = preSolution
		Debug|Any CPU = Debug|Any CPU
		Release|Any CPU = Release|Any CPU
	EndGlobalSection
	GlobalSection(ProjectConfigurationPlatforms) = postSolution
		{86486E3E-A97F-421F-AB02-236495911309}.Debug|Any CPU.ActiveCfg = Debug|Any CPU
		{86486E3E-A97F-421F-AB02-236495911309}.Debug|Any CPU.Build.0 = Debug|Any CPU
		{86486E3E-A97F-421F-AB02-236495911309}.Release|Any CPU.ActiveCfg = Release|Any CPU
		{86486E3E-A97F-421F-AB02-236495911309}.Release|Any CPU.Build.0 = Release|Any CPU
	EndGlobalSection
	GlobalSection(SolutionProperties) = preSolution
		HideSolutionNode = FALSE
	EndGlobalSection
	GlobalSection(ExtensibilityGlobals) = postSolution
		SolutionGuid = {5D9AC962-7569-4C7F-94F1-7238C108A91B}
	EndGlobalSection
EndGlobal
