
Microsoft Visual Studio Solution File, Format Version 12.00
# Visual Studio Version 17
VisualStudioVersion = 17.1.32210.238
MinimumVisualStudioVersion = 10.0.40219.1
Project("{FAE04EC0-301F-11D3-BF4B-00C04F79EFBC}") = "Euroskills", "Euroskills\Euroskills.csproj", "{B0D80EE4-CACA-42C9-A406-80839785A495}"
EndProject
Global
	GlobalSection(SolutionConfigurationPlatforms) = preSolution
		Debug|Any CPU = Debug|Any CPU
		Release|Any CPU = Release|Any CPU
	EndGlobalSection
	GlobalSection(ProjectConfigurationPlatforms) = postSolution
		{B0D80EE4-CACA-42C9-A406-80839785A495}.Debug|Any CPU.ActiveCfg = Debug|Any CPU
		{B0D80EE4-CACA-42C9-A406-80839785A495}.Debug|Any CPU.Build.0 = Debug|Any CPU
		{B0D80EE4-CACA-42C9-A406-80839785A495}.Release|Any CPU.ActiveCfg = Release|Any CPU
		{B0D80EE4-CACA-42C9-A406-80839785A495}.Release|Any CPU.Build.0 = Release|Any CPU
	EndGlobalSection
	GlobalSection(SolutionProperties) = preSolution
		HideSolutionNode = FALSE
	EndGlobalSection
	GlobalSection(ExtensibilityGlobals) = postSolution
		SolutionGuid = {B60A3227-ED6C-476E-BF07-93F401A414DC}
	EndGlobalSection
EndGlobal
